
Microsoft Visual Studio Solution File, Format Version 12.00
# Visual Studio Version 17
VisualStudioVersion = 17.6.33815.320
MinimumVisualStudioVersion = 10.0.40219.1
Project("{9A19103F-16F7-4668-BE54-9A1E7A4F7556}") = "WPFNavigationTemplate", "WPFNavigationTemplate.csproj", "{FA1B2B72-4654-4222-8630-F3CBD797C5C9}"
EndProject
Global
	GlobalSection(SolutionConfigurationPlatforms) = preSolution
		Debug|Any CPU = Debug|Any CPU
		Release|Any CPU = Release|Any CPU
	EndGlobalSection
	GlobalSection(ProjectConfigurationPlatforms) = postSolution
		{FA1B2B72-4654-4222-8630-F3CBD797C5C9}.Debug|Any CPU.ActiveCfg = Debug|Any CPU
		{FA1B2B72-4654-4222-8630-F3CBD797C5C9}.Debug|Any CPU.Build.0 = Debug|Any CPU
		{FA1B2B72-4654-4222-8630-F3CBD797C5C9}.Release|Any CPU.ActiveCfg = Release|Any CPU
		{FA1B2B72-4654-4222-8630-F3CBD797C5C9}.Release|Any CPU.Build.0 = Release|Any CPU
	EndGlobalSection
	GlobalSection(SolutionProperties) = preSolution
		HideSolutionNode = FALSE
	EndGlobalSection
	GlobalSection(ExtensibilityGlobals) = postSolution
		SolutionGuid = {21F73643-0C2B-4154-897E-D84479936641}
	EndGlobalSection
EndGlobal
